
Microsoft Visual Studio Solution File, Format Version 12.00
# Visual Studio Version 17
VisualStudioVersion = 17.11.35222.181
MinimumVisualStudioVersion = 10.0.40219.1
Project("{8BC9CEB8-8B4A-11D0-8D11-00A0C91BC942}") = "MyGrep", "MyGrep.vcxproj", "{9826D5EA-2029-4DDE-BE0E-D112D9FDD4EA}"
EndProject
Global
	GlobalSection(SolutionConfigurationPlatforms) = preSolution
		Debug|x64 = Debug|x64
		Debug|x86 = Debug|x86
		Release|x64 = Release|x64
		Release|x86 = Release|x86
	EndGlobalSection
	GlobalSection(ProjectConfigurationPlatforms) = postSolution
		{9826D5EA-2029-4DDE-BE0E-D112D9FDD4EA}.Debug|x64.ActiveCfg = Debug|x64
		{9826D5EA-2029-4DDE-BE0E-D112D9FDD4EA}.Debug|x64.Build.0 = Debug|x64
		{9826D5EA-2029-4DDE-BE0E-D112D9FDD4EA}.Debug|x86.ActiveCfg = Debug|Win32
		{9826D5EA-2029-4DDE-BE0E-D112D9FDD4EA}.Debug|x86.Build.0 = Debug|Win32
		{9826D5EA-2029-4DDE-BE0E-D112D9FDD4EA}.Release|x64.ActiveCfg = Release|x64
		{9826D5EA-2029-4DDE-BE0E-D112D9FDD4EA}.Release|x64.Build.0 = Release|x64
		{9826D5EA-2029-4DDE-BE0E-D112D9FDD4EA}.Release|x86.ActiveCfg = Release|Win32
		{9826D5EA-2029-4DDE-BE0E-D112D9FDD4EA}.Release|x86.Build.0 = Release|Win32
	EndGlobalSection
	GlobalSection(SolutionProperties) = preSolution
		HideSolutionNode = FALSE
	EndGlobalSection
	GlobalSection(ExtensibilityGlobals) = postSolution
		SolutionGuid = {D57619AD-A020-4D42-B4F8-C30F74C197EA}
	EndGlobalSection
EndGlobal
